
Microsoft Visual Studio Solution File, Format Version 12.00
# Visual Studio Version 16
VisualStudioVersion = 16.0.30907.101
MinimumVisualStudioVersion = 10.0.40219.1
Project("{FAE04EC0-301F-11D3-BF4B-00C04F79EFBC}") = "Niagara Falls Curling Club", "Niagara Falls Curling Club\Niagara Falls Curling Club.csproj", "{E1C2272E-6229-46B8-A89B-E57E805F88D6}"
EndProject
Global
	GlobalSection(SolutionConfigurationPlatforms) = preSolution
		Debug|Any CPU = Debug|Any CPU
		Release|Any CPU = Release|Any CPU
	EndGlobalSection
	GlobalSection(ProjectConfigurationPlatforms) = postSolution
		{E1C2272E-6229-46B8-A89B-E57E805F88D6}.Debug|Any CPU.ActiveCfg = Debug|Any CPU
		{E1C2272E-6229-46B8-A89B-E57E805F88D6}.Debug|Any CPU.Build.0 = Debug|Any CPU
		{E1C2272E-6229-46B8-A89B-E57E805F88D6}.Release|Any CPU.ActiveCfg = Release|Any CPU
		{E1C2272E-6229-46B8-A89B-E57E805F88D6}.Release|Any CPU.Build.0 = Release|Any CPU
	EndGlobalSection
	GlobalSection(SolutionProperties) = preSolution
		HideSolutionNode = FALSE
	EndGlobalSection
	GlobalSection(ExtensibilityGlobals) = postSolution
		SolutionGuid = {0D9AF1B9-4703-46D6-9341-C2D842672C14}
	EndGlobalSection
EndGlobal
